// !$*UTF8*$!
{
	archiveVersion = 1;
	classes = {
	};
	objectVersion = 50;
	objects = {

/* Begin PBXBuildFile section */
		55C0E11B25836B42003A0CA7 /* AppDelegate.m in Sources */ = {isa = PBXBuildFile; fileRef = 55C0E11A25836B42003A0CA7 /* AppDelegate.m */; };
		55C0E11E25836B42003A0CA7 /* SceneDelegate.m in Sources */ = {isa = PBXBuildFile; fileRef = 55C0E11D25836B42003A0CA7 /* SceneDelegate.m */; };
		55C0E12125836B42003A0CA7 /* ViewController.m in Sources */ = {isa = PBXBuildFile; fileRef = 55C0E12025836B42003A0CA7 /* ViewController.m */; };
		55C0E12425836B42003A0CA7 /* Main.storyboard in Resources */ = {isa = PBXBuildFile; fileRef = 55C0E12225836B42003A0CA7 /* Main.storyboard */; };
		55C0E12625836B45003A0CA7 /* Assets.xcassets in Resources */ = {isa = PBXBuildFile; fileRef = 55C0E12525836B45003A0CA7 /* Assets.xcassets */; };
		55C0E12925836B45003A0CA7 /* LaunchScreen.storyboard in Resources */ = {isa = PBXBuildFile; fileRef = 55C0E12725836B45003A0CA7 /* LaunchScreen.storyboard */; };
		55C0E12C25836B45003A0CA7 /* main.m in Sources */ = {isa = PBXBuildFile; fileRef = 55C0E12B25836B45003A0CA7 /* main.m */; };
		55C0E13625836B45003A0CA7 /* BXHMainTests.m in Sources */ = {isa = PBXBuildFile; fileRef = 55C0E13525836B45003A0CA7 /* BXHMainTests.m */; };
		55C0E14125836B45003A0CA7 /* BXHMainUITests.m in Sources */ = {isa = PBXBuildFile; fileRef = 55C0E14025836B45003A0CA7 /* BXHMainUITests.m */; };
/* End PBXBuildFile section */

/* Begin PBXContainerItemProxy section */
		55C0E13225836B45003A0CA7 /* PBXContainerItemProxy */ = {
			isa = PBXContainerItemProxy;
			containerPortal = 55C0E10E25836B42003A0CA7 /* Project object */;
			proxyType = 1;
			remoteGlobalIDString = 55C0E11525836B42003A0CA7;
			remoteInfo = BXHMain;
		};
		55C0E13D25836B45003A0CA7 /* PBXContainerItemProxy */ = {
			isa = PBXContainerItemProxy;
			containerPortal = 55C0E10E25836B42003A0CA7 /* Project object */;
			proxyType = 1;
			remoteGlobalIDString = 55C0E11525836B42003A0CA7;
			remoteInfo = BXHMain;
		};
/* End PBXContainerItemProxy section */

/* Begin PBXFileReference section */
		55C0E11625836B42003A0CA7 /* BXHMain.app */ = {isa = PBXFileReference; explicitFileType = wrapper.application; includeInIndex = 0; path = BXHMain.app; sourceTree = BUILT_PRODUCTS_DIR; };
		55C0E11925836B42003A0CA7 /* AppDelegate.h */ = {isa = PBXFileReference; lastKnownFileType = sourcecode.c.h; path = AppDelegate.h; sourceTree = "<group>"; };
		55C0E11A25836B42003A0CA7 /* AppDelegate.m */ = {isa = PBXFileReference; lastKnownFileType = sourcecode.c.objc; path = AppDelegate.m; sourceTree = "<group>"; };
		55C0E11C25836B42003A0CA7 /* SceneDelegate.h */ = {isa = PBXFileReference; lastKnownFileType = sourcecode.c.h; path = SceneDelegate.h; sourceTree = "<group>"; };
		55C0E11D25836B42003A0CA7 /* SceneDelegate.m */ = {isa = PBXFileReference; lastKnownFileType = sourcecode.c.objc; path = SceneDelegate.m; sourceTree = "<group>"; };
		55C0E11F25836B42003A0CA7 /* ViewController.h */ = {isa = PBXFileReference; lastKnownFileType = sourcecode.c.h; path = ViewController.h; sourceTree = "<group>"; };
		55C0E12025836B42003A0CA7 /* ViewController.m */ = {isa = PBXFileReference; lastKnownFileType = sourcecode.c.objc; path = ViewController.m; sourceTree = "<group>"; };
		55C0E12325836B42003A0CA7 /* Base */ = {isa = PBXFileReference; lastKnownFileType = file.storyboard; name = Base; path = Base.lproj/Main.storyboard; sourceTree = "<group>"; };
		55C0E12525836B45003A0CA7 /* Assets.xcassets */ = {isa = PBXFileReference; lastKnownFileType = folder.assetcatalog; path = Assets.xcassets; sourceTree = "<group>"; };
		55C0E12825836B45003A0CA7 /* Base */ = {isa = PBXFileReference; lastKnownFileType = file.storyboard; name = Base; path = Base.lproj/LaunchScreen.storyboard; sourceTree = "<group>"; };
		55C0E12A25836B45003A0CA7 /* Info.plist */ = {isa = PBXFileReference; lastKnownFileType = text.plist.xml; path = Info.plist; sourceTree = "<group>"; };
		55C0E12B25836B45003A0CA7 /* main.m */ = {isa = PBXFileReference; lastKnownFileType = sourcecode.c.objc; path = main.m; sourceTree = "<group>"; };
		55C0E13125836B45003A0CA7 /* BXHMainTests.xctest */ = {isa = PBXFileReference; explicitFileType = wrapper.cfbundle; includeInIndex = 0; path = BXHMainTests.xctest; sourceTree = BUILT_PRODUCTS_DIR; };
		55C0E13525836B45003A0CA7 /* BXHMainTests.m */ = {isa = PBXFileReference; lastKnownFileType = sourcecode.c.objc; path = BXHMainTests.m; sourceTree = "<group>"; };
		55C0E13725836B45003A0CA7 /* Info.plist */ = {isa = PBXFileReference; lastKnownFileType = text.plist.xml; path = Info.plist; sourceTree = "<group>"; };
		55C0E13C25836B45003A0CA7 /* BXHMainUITests.xctest */ = {isa = PBXFileReference; explicitFileType = wrapper.cfbundle; includeInIndex = 0; path = BXHMainUITests.xctest; sourceTree = BUILT_PRODUCTS_DIR; };
		55C0E14025836B45003A0CA7 /* BXHMainUITests.m */ = {isa = PBXFileReference; lastKnownFileType = sourcecode.c.objc; path = BXHMainUITests.m; sourceTree = "<group>"; };
		55C0E14225836B45003A0CA7 /* Info.plist */ = {isa = PBXFileReference; lastKnownFileType = text.plist.xml; path = Info.plist; sourceTree = "<group>"; };
/* End PBXFileReference section */

/* Begin PBXFrameworksBuildPhase section */
		55C0E11325836B42003A0CA7 /* Frameworks */ = {
			isa = PBXFrameworksBuildPhase;
			buildActionMask = 2147483647;
			files = (
			);
			runOnlyForDeploymentPostprocessing = 0;
		};
		55C0E12E25836B45003A0CA7 /* Frameworks */ = {
			isa = PBXFrameworksBuildPhase;
			buildActionMask = 2147483647;
			files = (
			);
			runOnlyForDeploymentPostprocessing = 0;
		};
		55C0E13925836B45003A0CA7 /* Frameworks */ = {
			isa = PBXFrameworksBuildPhase;
			buildActionMask = 2147483647;
			files = (
			);
			runOnlyForDeploymentPostprocessing = 0;
		};
/* End PBXFrameworksBuildPhase section */

/* Begin PBXGroup section */
		55C0E10D25836B42003A0CA7 = {
			isa = PBXGroup;
			children = (
				55C0E11825836B42003A0CA7 /* BXHMain */,
				55C0E13425836B45003A0CA7 /* BXHMainTests */,
				55C0E13F25836B45003A0CA7 /* BXHMainUITests */,
				55C0E11725836B42003A0CA7 /* Products */,
			);
			sourceTree = "<group>";
		};
		55C0E11725836B42003A0CA7 /* Products */ = {
			isa = PBXGroup;
			children = (
				55C0E11625836B42003A0CA7 /* BXHMain.app */,
				55C0E13125836B45003A0CA7 /* BXHMainTests.xctest */,
				55C0E13C25836B45003A0CA7 /* BXHMainUITests.xctest */,
			);
			name = Products;
			sourceTree = "<group>";
		};
		55C0E11825836B42003A0CA7 /* BXHMain */ = {
			isa = PBXGroup;
			children = (
				55C0E11925836B42003A0CA7 /* AppDelegate.h */,
				55C0E11A25836B42003A0CA7 /* AppDelegate.m */,
				55C0E11C25836B42003A0CA7 /* SceneDelegate.h */,
				55C0E11D25836B42003A0CA7 /* SceneDelegate.m */,
				55C0E11F25836B42003A0CA7 /* ViewController.h */,
				55C0E12025836B42003A0CA7 /* ViewController.m */,
				55C0E12225836B42003A0CA7 /* Main.storyboard */,
				55C0E12525836B45003A0CA7 /* Assets.xcassets */,
				55C0E12725836B45003A0CA7 /* LaunchScreen.storyboard */,
				55C0E12A25836B45003A0CA7 /* Info.plist */,
				55C0E12B25836B45003A0CA7 /* main.m */,
			);
			path = BXHMain;
			sourceTree = "<group>";
		};
		55C0E13425836B45003A0CA7 /* BXHMainTests */ = {
			isa = PBXGroup;
			children = (
				55C0E13525836B45003A0CA7 /* BXHMainTests.m */,
				55C0E13725836B45003A0CA7 /* Info.plist */,
			);
			path = BXHMainTests;
			sourceTree = "<group>";
		};
		55C0E13F25836B45003A0CA7 /* BXHMainUITests */ = {
			isa = PBXGroup;
			children = (
				55C0E14025836B45003A0CA7 /* BXHMainUITests.m */,
				55C0E14225836B45003A0CA7 /* Info.plist */,
			);
			path = BXHMainUITests;
			sourceTree = "<group>";
		};
/* End PBXGroup section */

/* Begin PBXNativeTarget section */
		55C0E11525836B42003A0CA7 /* BXHMain */ = {
			isa = PBXNativeTarget;
			buildConfigurationList = 55C0E14525836B45003A0CA7 /* Build configuration list for PBXNativeTarget "BXHMain" */;
			buildPhases = (
				55C0E11225836B42003A0CA7 /* Sources */,
				55C0E11325836B42003A0CA7 /* Frameworks */,
				55C0E11425836B42003A0CA7 /* Resources */,
			);
			buildRules = (
			);
			dependencies = (
			);
			name = BXHMain;
			productName = BXHMain;
			productReference = 55C0E11625836B42003A0CA7 /* BXHMain.app */;
			productType = "com.apple.product-type.application";
		};
		55C0E13025836B45003A0CA7 /* BXHMainTests */ = {
			isa = PBXNativeTarget;
			buildConfigurationList = 55C0E14825836B45003A0CA7 /* Build configuration list for PBXNativeTarget "BXHMainTests" */;
			buildPhases = (
				55C0E12D25836B45003A0CA7 /* Sources */,
				55C0E12E25836B45003A0CA7 /* Frameworks */,
				55C0E12F25836B45003A0CA7 /* Resources */,
			);
			buildRules = (
			);
			dependencies = (
				55C0E13325836B45003A0CA7 /* PBXTargetDependency */,
			);
			name = BXHMainTests;
			productName = BXHMainTests;
			productReference = 55C0E13125836B45003A0CA7 /* BXHMainTests.xctest */;
			productType = "com.apple.product-type.bundle.unit-test";
		};
		55C0E13B25836B45003A0CA7 /* BXHMainUITests */ = {
			isa = PBXNativeTarget;
			buildConfigurationList = 55C0E14B25836B45003A0CA7 /* Build configuration list for PBXNativeTarget "BXHMainUITests" */;
			buildPhases = (
				55C0E13825836B45003A0CA7 /* Sources */,
				55C0E13925836B45003A0CA7 /* Frameworks */,
				55C0E13A25836B45003A0CA7 /* Resources */,
			);
			buildRules = (
			);
			dependencies = (
				55C0E13E25836B45003A0CA7 /* PBXTargetDependency */,
			);
			name = BXHMainUITests;
			productName = BXHMainUITests;
			productReference = 55C0E13C25836B45003A0CA7 /* BXHMainUITests.xctest */;
			productType = "com.apple.product-type.bundle.ui-testing";
		};
/* End PBXNativeTarget section */

/* Begin PBXProject section */
		55C0E10E25836B42003A0CA7 /* Project object */ = {
			isa = PBXProject;
			attributes = {
				LastUpgradeCheck = 1220;
				TargetAttributes = {
					55C0E11525836B42003A0CA7 = {
						CreatedOnToolsVersion = 12.2;
					};
					55C0E13025836B45003A0CA7 = {
						CreatedOnToolsVersion = 12.2;
						TestTargetID = 55C0E11525836B42003A0CA7;
					};
					55C0E13B25836B45003A0CA7 = {
						CreatedOnToolsVersion = 12.2;
						TestTargetID = 55C0E11525836B42003A0CA7;
					};
				};
			};
			buildConfigurationList = 55C0E11125836B42003A0CA7 /* Build configuration list for PBXProject "BXHMain" */;
			compatibilityVersion = "Xcode 9.3";
			developmentRegion = en;
			hasScannedForEncodings = 0;
			knownRegions = (
				en,
				Base,
			);
			mainGroup = 55C0E10D25836B42003A0CA7;
			productRefGroup = 55C0E11725836B42003A0CA7 /* Products */;
			projectDirPath = "";
			projectRoot = "";
			targets = (
				55C0E11525836B42003A0CA7 /* BXHMain */,
				55C0E13025836B45003A0CA7 /* BXHMainTests */,
				55C0E13B25836B45003A0CA7 /* BXHMainUITests */,
			);
		};
/* End PBXProject section */

/* Begin PBXResourcesBuildPhase section */
		55C0E11425836B42003A0CA7 /* Resources */ = {
			isa = PBXResourcesBuildPhase;
			buildActionMask = 2147483647;
			files = (
				55C0E12925836B45003A0CA7 /* LaunchScreen.storyboard in Resources */,
				55C0E12625836B45003A0CA7 /* Assets.xcassets in Resources */,
				55C0E12425836B42003A0CA7 /* Main.storyboard in Resources */,
			);
			runOnlyForDeploymentPostprocessing = 0;
		};
		55C0E12F25836B45003A0CA7 /* Resources */ = {
			isa = PBXResourcesBuildPhase;
			buildActionMask = 2147483647;
			files = (
			);
			runOnlyForDeploymentPostprocessing = 0;
		};
		55C0E13A25836B45003A0CA7 /* Resources */ = {
			isa = PBXResourcesBuildPhase;
			buildActionMask = 2147483647;
			files = (
			);
			runOnlyForDeploymentPostprocessing = 0;
		};
/* End PBXResourcesBuildPhase section */

/* Begin PBXSourcesBuildPhase section */
		55C0E11225836B42003A0CA7 /* Sources */ = {
			isa = PBXSourcesBuildPhase;
			buildActionMask = 2147483647;
			files = (
				55C0E12125836B42003A0CA7 /* ViewController.m in Sources */,
				55C0E11B25836B42003A0CA7 /* AppDelegate.m in Sources */,
				55C0E12C25836B45003A0CA7 /* main.m in Sources */,
				55C0E11E25836B42003A0CA7 /* SceneDelegate.m in Sources */,
			);
			runOnlyForDeploymentPostprocessing = 0;
		};
		55C0E12D25836B45003A0CA7 /* Sources */ = {
			isa = PBXSourcesBuildPhase;
			buildActionMask = 2147483647;
			files = (
				55C0E13625836B45003A0CA7 /* BXHMainTests.m in Sources */,
			);
			runOnlyForDeploymentPostprocessing = 0;
		};
		55C0E13825836B45003A0CA7 /* Sources */ = {
			isa = PBXSourcesBuildPhase;
			buildActionMask = 2147483647;
			files = (
				55C0E14125836B45003A0CA7 /* BXHMainUITests.m in Sources */,
			);
			runOnlyForDeploymentPostprocessing = 0;
		};
/* End PBXSourcesBuildPhase section */

/* Begin PBXTargetDependency section */
		55C0E13325836B45003A0CA7 /* PBXTargetDependency */ = {
			isa = PBXTargetDependency;
			target = 55C0E11525836B42003A0CA7 /* BXHMain */;
			targetProxy = 55C0E13225836B45003A0CA7 /* PBXContainerItemProxy */;
		};
		55C0E13E25836B45003A0CA7 /* PBXTargetDependency */ = {
			isa = PBXTargetDependency;
			target = 55C0E11525836B42003A0CA7 /* BXHMain */;
			targetProxy = 55C0E13D25836B45003A0CA7 /* PBXContainerItemProxy */;
		};
/* End PBXTargetDependency section */

/* Begin PBXVariantGroup section */
		55C0E12225836B42003A0CA7 /* Main.storyboard */ = {
			isa = PBXVariantGroup;
			children = (
				55C0E12325836B42003A0CA7 /* Base */,
			);
			name = Main.storyboard;
			sourceTree = "<group>";
		};
		55C0E12725836B45003A0CA7 /* LaunchScreen.storyboard */ = {
			isa = PBXVariantGroup;
			children = (
				55C0E12825836B45003A0CA7 /* Base */,
			);
			name = LaunchScreen.storyboard;
			sourceTree = "<group>";
		};
/* End PBXVariantGroup section */

/* Begin XCBuildConfiguration section */
		55C0E14325836B45003A0CA7 /* Debug */ = {
			isa = XCBuildConfiguration;
			buildSettings = {
				ALWAYS_SEARCH_USER_PATHS = NO;
				CLANG_ANALYZER_NONNULL = YES;
				CLANG_ANALYZER_NUMBER_OBJECT_CONVERSION = YES_AGGRESSIVE;
				CLANG_CXX_LANGUAGE_STANDARD = "gnu++14";
				CLANG_CXX_LIBRARY = "libc++";
				CLANG_ENABLE_MODULES = YES;
				CLANG_ENABLE_OBJC_ARC = YES;
				CLANG_ENABLE_OBJC_WEAK = YES;
				CLANG_WARN_BLOCK_CAPTURE_AUTORELEASING = YES;
				CLANG_WARN_BOOL_CONVERSION = YES;
				CLANG_WARN_COMMA = YES;
				CLANG_WARN_CONSTANT_CONVERSION = YES;
				CLANG_WARN_DEPRECATED_OBJC_IMPLEMENTATIONS = YES;
				CLANG_WARN_DIRECT_OBJC_ISA_USAGE = YES_ERROR;
				CLANG_WARN_DOCUMENTATION_COMMENTS = YES;
				CLANG_WARN_EMPTY_BODY = YES;
				CLANG_WARN_ENUM_CONVERSION = YES;
				CLANG_WARN_INFINITE_RECURSION = YES;
				CLANG_WARN_INT_CONVERSION = YES;
				CLANG_WARN_NON_LITERAL_NULL_CONVERSION = YES;
				CLANG_WARN_OBJC_IMPLICIT_RETAIN_SELF = YES;
				CLANG_WARN_OBJC_LITERAL_CONVERSION = YES;
				CLANG_WARN_OBJC_ROOT_CLASS = YES_ERROR;
				CLANG_WARN_QUOTED_INCLUDE_IN_FRAMEWORK_HEADER = YES;
				CLANG_WARN_RANGE_LOOP_ANALYSIS = YES;
				CLANG_WARN_STRICT_PROTOTYPES = YES;
				CLANG_WARN_SUSPICIOUS_MOVE = YES;
				CLANG_WARN_UNGUARDED_AVAILABILITY = YES_AGGRESSIVE;
				CLANG_WARN_UNREACHABLE_CODE = YES;
				CLANG_WARN__DUPLICATE_METHOD_MATCH = YES;
				COPY_PHASE_STRIP = NO;
				DEBUG_INFORMATION_FORMAT = dwarf;
				ENABLE_STRICT_OBJC_MSGSEND = YES;
				ENABLE_TESTABILITY = YES;
				GCC_C_LANGUAGE_STANDARD = gnu11;
				GCC_DYNAMIC_NO_PIC = NO;
				GCC_NO_COMMON_BLOCKS = YES;
				GCC_OPTIMIZATION_LEVEL = 0;
				GCC_PREPROCESSOR_DEFINITIONS = (
					"DEBUG=1",
					"$(inherited)",
				);
				GCC_WARN_64_TO_32_BIT_CONVERSION = YES;
				GCC_WARN_ABOUT_RETURN_TYPE = YES_ERROR;
				GCC_WARN_UNDECLARED_SELECTOR = YES;
				GCC_WARN_UNINITIALIZED_AUTOS = YES_AGGRESSIVE;
				GCC_WARN_UNUSED_FUNCTION = YES;
				GCC_WARN_UNUSED_VARIABLE = YES;
				IPHONEOS_DEPLOYMENT_TARGET = 14.2;
				MTL_ENABLE_DEBUG_INFO = INCLUDE_SOURCE;
				MTL_FAST_MATH = YES;
				ONLY_ACTIVE_ARCH = YES;
				SDKROOT = iphoneos;
			};
			name = Debug;
		};
		55C0E14425836B45003A0CA7 /* Release */ = {
			isa = XCBuildConfiguration;
			buildSettings = {
				ALWAYS_SEARCH_USER_PATHS = NO;
				CLANG_ANALYZER_NONNULL = YES;
				CLANG_ANALYZER_NUMBER_OBJECT_CONVERSION = YES_AGGRESSIVE;
				CLANG_CXX_LANGUAGE_STANDARD = "gnu++14";
				CLANG_CXX_LIBRARY = "libc++";
				CLANG_ENABLE_MODULES = YES;
				CLANG_ENABLE_OBJC_ARC = YES;
				CLANG_ENABLE_OBJC_WEAK = YES;
				CLANG_WARN_BLOCK_CAPTURE_AUTORELEASING = YES;
				CLANG_WARN_BOOL_CONVERSION = YES;
				CLANG_WARN_COMMA = YES;
				CLANG_WARN_CONSTANT_CONVERSION = YES;
				CLANG_WARN_DEPRECATED_OBJC_IMPLEMENTATIONS = YES;
				CLANG_WARN_DIRECT_OBJC_ISA_USAGE = YES_ERROR;
				CLANG_WARN_DOCUMENTATION_COMMENTS = YES;
				CLANG_WARN_EMPTY_BODY = YES;
				CLANG_WARN_ENUM_CONVERSION = YES;
				CLANG_WARN_INFINITE_RECURSION = YES;
				CLANG_WARN_INT_CONVERSION = YES;
				CLANG_WARN_NON_LITERAL_NULL_CONVERSION = YES;
				CLANG_WARN_OBJC_IMPLICIT_RETAIN_SELF = YES;
				CLANG_WARN_OBJC_LITERAL_CONVERSION = YES;
				CLANG_WARN_OBJC_ROOT_CLASS = YES_ERROR;
				CLANG_WARN_QUOTED_INCLUDE_IN_FRAMEWORK_HEADER = YES;
				CLANG_WARN_RANGE_LOOP_ANALYSIS = YES;
				CLANG_WARN_STRICT_PROTOTYPES = YES;
				CLANG_WARN_SUSPICIOUS_MOVE = YES;
				CLANG_WARN_UNGUARDED_AVAILABILITY = YES_AGGRESSIVE;
				CLANG_WARN_UNREACHABLE_CODE = YES;
				CLANG_WARN__DUPLICATE_METHOD_MATCH = YES;
				COPY_PHASE_STRIP = NO;
				DEBUG_INFORMATION_FORMAT = "dwarf-with-dsym";
				ENABLE_NS_ASSERTIONS = NO;
				ENABLE_STRICT_OBJC_MSGSEND = YES;
				GCC_C_LANGUAGE_STANDARD = gnu11;
				GCC_NO_COMMON_BLOCKS = YES;
				GCC_WARN_64_TO_32_BIT_CONVERSION = YES;
				GCC_WARN_ABOUT_RETURN_TYPE = YES_ERROR;
				GCC_WARN_UNDECLARED_SELECTOR = YES;
				GCC_WARN_UNINITIALIZED_AUTOS = YES_AGGRESSIVE;
				GCC_WARN_UNUSED_FUNCTION = YES;
				GCC_WARN_UNUSED_VARIABLE = YES;
				IPHONEOS_DEPLOYMENT_TARGET = 14.2;
				MTL_ENABLE_DEBUG_INFO = NO;
				MTL_FAST_MATH = YES;
				SDKROOT = iphoneos;
				VALIDATE_PRODUCT = YES;
			};
			name = Release;
		};
		55C0E14625836B45003A0CA7 /* Debug */ = {
			isa = XCBuildConfiguration;
			buildSettings = {
				ASSETCATALOG_COMPILER_APPICON_NAME = AppIcon;
				ASSETCATALOG_COMPILER_GLOBAL_ACCENT_COLOR_NAME = AccentColor;
				CODE_SIGN_STYLE = Automatic;
				DEVELOPMENT_TEAM = XFFD76GKFL;
				INFOPLIST_FILE = BXHMain/Info.plist;
				LD_RUNPATH_SEARCH_PATHS = (
					"$(inherited)",
					"@executable_path/Frameworks",
				);
				PRODUCT_BUNDLE_IDENTIFIER = baixiaohei.BXHMain;
				PRODUCT_NAME = "$(TARGET_NAME)";
				TARGETED_DEVICE_FAMILY = "1,2";
			};
			name = Debug;
		};
		55C0E14725836B45003A0CA7 /* Release */ = {
			isa = XCBuildConfiguration;
			buildSettings = {
				ASSETCATALOG_COMPILER_APPICON_NAME = AppIcon;
				ASSETCATALOG_COMPILER_GLOBAL_ACCENT_COLOR_NAME = AccentColor;
				CODE_SIGN_STYLE = Automatic;
				DEVELOPMENT_TEAM = XFFD76GKFL;
				INFOPLIST_FILE = BXHMain/Info.plist;
				LD_RUNPATH_SEARCH_PATHS = (
					"$(inherited)",
					"@executable_path/Frameworks",
				);
				PRODUCT_BUNDLE_IDENTIFIER = baixiaohei.BXHMain;
				PRODUCT_NAME = "$(TARGET_NAME)";
				TARGETED_DEVICE_FAMILY = "1,2";
			};
			name = Release;
		};
		55C0E14925836B45003A0CA7 /* Debug */ = {
			isa = XCBuildConfiguration;
			buildSettings = {
				BUNDLE_LOADER = "$(TEST_HOST)";
				CODE_SIGN_STYLE = Automatic;
				DEVELOPMENT_TEAM = XFFD76GKFL;
				INFOPLIST_FILE = BXHMainTests/Info.plist;
				IPHONEOS_DEPLOYMENT_TARGET = 14.2;
				LD_RUNPATH_SEARCH_PATHS = (
					"$(inherited)",
					"@executable_path/Frameworks",
					"@loader_path/Frameworks",
				);
				PRODUCT_BUNDLE_IDENTIFIER = baixiaohei.BXHMainTests;
				PRODUCT_NAME = "$(TARGET_NAME)";
				TARGETED_DEVICE_FAMILY = "1,2";
				TEST_HOST = "$(BUILT_PRODUCTS_DIR)/BXHMain.app/BXHMain";
			};
			name = Debug;
		};
		55C0E14A25836B45003A0CA7 /* Release */ = {
			isa = XCBuildConfiguration;
			buildSettings = {
				BUNDLE_LOADER = "$(TEST_HOST)";
				CODE_SIGN_STYLE = Automatic;
				DEVELOPMENT_TEAM = XFFD76GKFL;
				INFOPLIST_FILE = BXHMainTests/Info.plist;
				IPHONEOS_DEPLOYMENT_TARGET = 14.2;
				LD_RUNPATH_SEARCH_PATHS = (
					"$(inherited)",
					"@executable_path/Frameworks",
					"@loader_path/Frameworks",
				);
				PRODUCT_BUNDLE_IDENTIFIER = baixiaohei.BXHMainTests;
				PRODUCT_NAME = "$(TARGET_NAME)";
				TARGETED_DEVICE_FAMILY = "1,2";
				TEST_HOST = "$(BUILT_PRODUCTS_DIR)/BXHMain.app/BXHMain";
			};
			name = Release;
		};
		55C0E14C25836B45003A0CA7 /* Debug */ = {
			isa = XCBuildConfiguration;
			buildSettings = {
				CODE_SIGN_STYLE = Automatic;
				DEVELOPMENT_TEAM = XFFD76GKFL;
				INFOPLIST_FILE = BXHMainUITests/Info.plist;
				LD_RUNPATH_SEARCH_PATHS = (
					"$(inherited)",
					"@executable_path/Frameworks",
					"@loader_path/Frameworks",
				);
				PRODUCT_BUNDLE_IDENTIFIER = baixiaohei.BXHMainUITests;
				PRODUCT_NAME = "$(TARGET_NAME)";
				TARGETED_DEVICE_FAMILY = "1,2";
				TEST_TARGET_NAME = BXHMain;
			};
			name = Debug;
		};
		55C0E14D25836B45003A0CA7 /* Release */ = {
			isa = XCBuildConfiguration;
			buildSettings = {
				CODE_SIGN_STYLE = Automatic;
				DEVELOPMENT_TEAM = XFFD76GKFL;
				INFOPLIST_FILE = BXHMainUITests/Info.plist;
				LD_RUNPATH_SEARCH_PATHS = (
					"$(inherited)",
					"@executable_path/Frameworks",
					"@loader_path/Frameworks",
				);
				PRODUCT_BUNDLE_IDENTIFIER = baixiaohei.BXHMainUITests;
				PRODUCT_NAME = "$(TARGET_NAME)";
				TARGETED_DEVICE_FAMILY = "1,2";
				TEST_TARGET_NAME = BXHMain;
			};
			name = Release;
		};
/* End XCBuildConfiguration section */

/* Begin XCConfigurationList section */
		55C0E11125836B42003A0CA7 /* Build configuration list for PBXProject "BXHMain" */ = {
			isa = XCConfigurationList;
			buildConfigurations = (
				55C0E14325836B45003A0CA7 /* Debug */,
				55C0E14425836B45003A0CA7 /* Release */,
			);
			defaultConfigurationIsVisible = 0;
			defaultConfigurationName = Release;
		};
		55C0E14525836B45003A0CA7 /* Build configuration list for PBXNativeTarget "BXHMain" */ = {
			isa = XCConfigurationList;
			buildConfigurations = (
				55C0E14625836B45003A0CA7 /* Debug */,
				55C0E14725836B45003A0CA7 /* Release */,
			);
			defaultConfigurationIsVisible = 0;
			defaultConfigurationName = Release;
		};
		55C0E14825836B45003A0CA7 /* Build configuration list for PBXNativeTarget "BXHMainTests" */ = {
			isa = XCConfigurationList;
			buildConfigurations = (
				55C0E14925836B45003A0CA7 /* Debug */,
				55C0E14A25836B45003A0CA7 /* Release */,
			);
			defaultConfigurationIsVisible = 0;
			defaultConfigurationName = Release;
		};
		55C0E14B25836B45003A0CA7 /* Build configuration list for PBXNativeTarget "BXHMainUITests" */ = {
			isa = XCConfigurationList;
			buildConfigurations = (
				55C0E14C25836B45003A0CA7 /* Debug */,
				55C0E14D25836B45003A0CA7 /* Release */,
			);
			defaultConfigurationIsVisible = 0;
			defaultConfigurationName = Release;
		};
/* End XCConfigurationList section */
	};
	rootObject = 55C0E10E25836B42003A0CA7 /* Project object */;
}
